
Microsoft Visual Studio Solution File, Format Version 12.00
# Visual Studio Version 16
VisualStudioVersion = 16.0.31829.152
MinimumVisualStudioVersion = 10.0.40219.1
Project("{9A19103F-16F7-4668-BE54-9A1E7A4F7556}") = "ProgrammingQuotesApi", "ProgrammingQuotesApi.csproj", "{12EF93C9-1717-4BDE-B55D-CE165FA6CCA9}"
EndProject
Global
	GlobalSection(SolutionConfigurationPlatforms) = preSolution
		Debug|Any CPU = Debug|Any CPU
		Release|Any CPU = Release|Any CPU
	EndGlobalSection
	GlobalSection(ProjectConfigurationPlatforms) = postSolution
		{12EF93C9-1717-4BDE-B55D-CE165FA6CCA9}.Debug|Any CPU.ActiveCfg = Debug|Any CPU
		{12EF93C9-1717-4BDE-B55D-CE165FA6CCA9}.Debug|Any CPU.Build.0 = Debug|Any CPU
		{12EF93C9-1717-4BDE-B55D-CE165FA6CCA9}.Release|Any CPU.ActiveCfg = Release|Any CPU
		{12EF93C9-1717-4BDE-B55D-CE165FA6CCA9}.Release|Any CPU.Build.0 = Release|Any CPU
		{950567B0-57E7-4B01-81D7-EE2B809A7D6E}.Debug|Any CPU.ActiveCfg = Debug|Any CPU
		{950567B0-57E7-4B01-81D7-EE2B809A7D6E}.Debug|Any CPU.Build.0 = Debug|Any CPU
		{950567B0-57E7-4B01-81D7-EE2B809A7D6E}.Release|Any CPU.ActiveCfg = Release|Any CPU
		{950567B0-57E7-4B01-81D7-EE2B809A7D6E}.Release|Any CPU.Build.0 = Release|Any CPU
	EndGlobalSection
	GlobalSection(SolutionProperties) = preSolution
		HideSolutionNode = FALSE
	EndGlobalSection
	GlobalSection(ExtensibilityGlobals) = postSolution
		SolutionGuid = {7BE56F6E-7503-4F03-8046-31E044AD8B3A}
	EndGlobalSection
EndGlobal
